
Microsoft Visual Studio Solution File, Format Version 12.00
# Visual Studio 15
Project("{FAE04EC0-301F-11D3-BF4B-00C04F79EFBC}") = "QAAutomation", "QAAutomation\QAAutomation.csproj", "{9698ABF8-26D8-468D-AE67-F92B6FF215ED}"
EndProject
Global
	GlobalSection(SolutionConfigurationPlatforms) = preSolution
		Debug|Any CPU = Debug|Any CPU
		Release|Any CPU = Release|Any CPU
	EndGlobalSection
	GlobalSection(ProjectConfigurationPlatforms) = postSolution
		{9698ABF8-26D8-468D-AE67-F92B6FF215ED}.Debug|Any CPU.ActiveCfg = Debug|Any CPU
		{9698ABF8-26D8-468D-AE67-F92B6FF215ED}.Debug|Any CPU.Build.0 = Debug|Any CPU
		{9698ABF8-26D8-468D-AE67-F92B6FF215ED}.Release|Any CPU.ActiveCfg = Release|Any CPU
		{9698ABF8-26D8-468D-AE67-F92B6FF215ED}.Release|Any CPU.Build.0 = Release|Any CPU
	EndGlobalSection
EndGlobal
